
Microsoft Visual Studio Solution File, Format Version 12.00
# Visual Studio Version 17
VisualStudioVersion = 17.0.32014.148
MinimumVisualStudioVersion = 10.0.40219.1
Project("{FAE04EC0-301F-11D3-BF4B-00C04F79EFBC}") = "Boykisser-explorer", "Boykisser-explorer.csproj", "{E9EB7DA3-5D78-4A03-A8AC-49BED8057FE6}"
EndProject
Global
	GlobalSection(SolutionConfigurationPlatforms) = preSolution
		Debug|Any CPU = Debug|Any CPU
		Release|Any CPU = Release|Any CPU
	EndGlobalSection
	GlobalSection(ProjectConfigurationPlatforms) = postSolution
		{E9EB7DA3-5D78-4A03-A8AC-49BED8057FE6}.Debug|Any CPU.ActiveCfg = Debug|Any CPU
		{E9EB7DA3-5D78-4A03-A8AC-49BED8057FE6}.Debug|Any CPU.Build.0 = Debug|Any CPU
		{E9EB7DA3-5D78-4A03-A8AC-49BED8057FE6}.Release|Any CPU.ActiveCfg = Release|Any CPU
		{E9EB7DA3-5D78-4A03-A8AC-49BED8057FE6}.Release|Any CPU.Build.0 = Release|Any CPU
	EndGlobalSection
	GlobalSection(SolutionProperties) = preSolution
		HideSolutionNode = FALSE
	EndGlobalSection
	GlobalSection(ExtensibilityGlobals) = postSolution
		SolutionGuid = {37833281-6A41-4DC8-BD6A-A4DC62B202DC}
	EndGlobalSection
EndGlobal
